{
  "name": "r8-cross-context-marshaling-experiment",
  "version": "0.0.0",
  "lockfileVersion": 3,
  "requires": true,
  "packages": {
    "": {
      "name": "r8-cross-context-marshaling-experiment",
      "version": "0.0.0",
      "dependencies": {
        "@emnapi/core": "file:../../vendor/emnapi/packages/core",
        "@emnapi/runtime": "file:../../vendor/emnapi/packages/runtime"
      }
    },
    "../../vendor/emnapi/packages/core": {
      "name": "@emnapi/core",
      "version": "2.0.0-alpha.1",
      "license": "MIT",
      "dependencies": {
        "@emnapi/wasi-threads": "1.2.1",
        "tslib": "^2.4.0"
      }
    },
    "../../vendor/emnapi/packages/runtime": {
      "name": "@emnapi/runtime",
      "version": "2.0.0-alpha.1",
      "license": "MIT",
      "dependencies": {
        "tslib": "^2.4.0"
      }
    },
    "node_modules/@emnapi/core": {
      "resolved": "../../vendor/emnapi/packages/core",
      "link": true
    },
    "node_modules/@emnapi/runtime": {
      "resolved": "../../vendor/emnapi/packages/runtime",
      "link": true
    }
  }
}
