{
  "name": "r9-host-emnapi-init-experiment",
  "version": "0.0.0",
  "lockfileVersion": 3,
  "requires": true,
  "packages": {
    "": {
      "name": "r9-host-emnapi-init-experiment",
      "version": "0.0.0",
      "dependencies": {
        "@emnapi/core": "file:../../browser-target/node_modules/@emnapi/core",
        "@emnapi/runtime": "file:../../browser-target/node_modules/@emnapi/runtime"
      }
    },
    "../../browser-target/node_modules/@emnapi/core": {
      "version": "1.10.0",
      "license": "MIT",
      "dependencies": {
        "@emnapi/wasi-threads": "1.2.1",
        "tslib": "^2.4.0"
      }
    },
    "../../browser-target/node_modules/@emnapi/runtime": {
      "version": "1.10.0",
      "license": "MIT",
      "dependencies": {
        "tslib": "^2.4.0"
      }
    },
    "node_modules/@emnapi/core": {
      "resolved": "../../browser-target/node_modules/@emnapi/core",
      "link": true
    },
    "node_modules/@emnapi/runtime": {
      "resolved": "../../browser-target/node_modules/@emnapi/runtime",
      "link": true
    }
  }
}
